// !$*UTF8*$!
{
	archiveVersion = 1;
	classes = {
	};
	objectVersion = 55;
	objects = {

/* Begin PBXBuildFile section */
		183E9F6428A278F400299720 /* AppDelegate.swift in Sources */ = {isa = PBXBuildFile; fileRef = 183E9F6328A278F400299720 /* AppDelegate.swift */; };
		183E9F6628A278F400299720 /* SceneDelegate.swift in Sources */ = {isa = PBXBuildFile; fileRef = 183E9F6528A278F400299720 /* SceneDelegate.swift */; };
		183E9F6B28A278F400299720 /* Main.storyboard in Resources */ = {isa = PBXBuildFile; fileRef = 183E9F6928A278F400299720 /* Main.storyboard */; };
		183E9F6D28A278F600299720 /* Assets.xcassets in Resources */ = {isa = PBXBuildFile; fileRef = 183E9F6C28A278F600299720 /* Assets.xcassets */; };
		183E9F7028A278F600299720 /* LaunchScreen.storyboard in Resources */ = {isa = PBXBuildFile; fileRef = 183E9F6E28A278F600299720 /* LaunchScreen.storyboard */; };
		183E9F7828A27C1C00299720 /* ColorViewController.swift in Sources */ = {isa = PBXBuildFile; fileRef = 183E9F7728A27C1C00299720 /* ColorViewController.swift */; };
		183E9F7A28A27C3500299720 /* SettingViewController.swift in Sources */ = {isa = PBXBuildFile; fileRef = 183E9F7928A27C3500299720 /* SettingViewController.swift */; };
		1891BFA328A2A54000C0D1C8 /* ColorModel.swift in Sources */ = {isa = PBXBuildFile; fileRef = 1891BFA228A2A54000C0D1C8 /* ColorModel.swift */; };
/* End PBXBuildFile section */

/* Begin PBXFileReference section */
		183E9F6028A278F400299720 /* ColorControllerApp.app */ = {isa = PBXFileReference; explicitFileType = wrapper.application; includeInIndex = 0; path = ColorControllerApp.app; sourceTree = BUILT_PRODUCTS_DIR; };
		183E9F6328A278F400299720 /* AppDelegate.swift */ = {isa = PBXFileReference; lastKnownFileType = sourcecode.swift; path = AppDelegate.swift; sourceTree = "<group>"; };
		183E9F6528A278F400299720 /* SceneDelegate.swift */ = {isa = PBXFileReference; lastKnownFileType = sourcecode.swift; path = SceneDelegate.swift; sourceTree = "<group>"; };
		183E9F6A28A278F400299720 /* Base */ = {isa = PBXFileReference; lastKnownFileType = file.storyboard; name = Base; path = Base.lproj/Main.storyboard; sourceTree = "<group>"; };
		183E9F6C28A278F600299720 /* Assets.xcassets */ = {isa = PBXFileReference; lastKnownFileType = folder.assetcatalog; path = Assets.xcassets; sourceTree = "<group>"; };
		183E9F6F28A278F600299720 /* Base */ = {isa = PBXFileReference; lastKnownFileType = file.storyboard; name = Base; path = Base.lproj/LaunchScreen.storyboard; sourceTree = "<group>"; };
		183E9F7128A278F600299720 /* Info.plist */ = {isa = PBXFileReference; lastKnownFileType = text.plist.xml; path = Info.plist; sourceTree = "<group>"; };
		183E9F7728A27C1C00299720 /* ColorViewController.swift */ = {isa = PBXFileReference; lastKnownFileType = sourcecode.swift; path = ColorViewController.swift; sourceTree = "<group>"; };
		183E9F7928A27C3500299720 /* SettingViewController.swift */ = {isa = PBXFileReference; lastKnownFileType = sourcecode.swift; path = SettingViewController.swift; sourceTree = "<group>"; };
		1891BFA228A2A54000C0D1C8 /* ColorModel.swift */ = {isa = PBXFileReference; lastKnownFileType = sourcecode.swift; path = ColorModel.swift; sourceTree = "<group>"; };
/* End PBXFileReference section */

/* Begin PBXFrameworksBuildPhase section */
		183E9F5D28A278F400299720 /* Frameworks */ = {
			isa = PBXFrameworksBuildPhase;
			buildActionMask = 2147483647;
			files = (
			);
			runOnlyForDeploymentPostprocessing = 0;
		};
/* End PBXFrameworksBuildPhase section */

/* Begin PBXGroup section */
		183E9F5728A278F400299720 = {
			isa = PBXGroup;
			children = (
				183E9F6228A278F400299720 /* ColorControllerApp */,
				183E9F6128A278F400299720 /* Products */,
			);
			sourceTree = "<group>";
		};
		183E9F6128A278F400299720 /* Products */ = {
			isa = PBXGroup;
			children = (
				183E9F6028A278F400299720 /* ColorControllerApp.app */,
			);
			name = Products;
			sourceTree = "<group>";
		};
		183E9F6228A278F400299720 /* ColorControllerApp */ = {
			isa = PBXGroup;
			children = (
				1891BFA128A2A52D00C0D1C8 /* Models */,
				183E9F7E28A27C6400299720 /* Controllers */,
				183E9F7D28A27C4500299720 /* Views */,
				183E9F7C28A27C3F00299720 /* App */,
				183E9F6C28A278F600299720 /* Assets.xcassets */,
				183E9F7128A278F600299720 /* Info.plist */,
			);
			path = ColorControllerApp;
			sourceTree = "<group>";
		};
		183E9F7C28A27C3F00299720 /* App */ = {
			isa = PBXGroup;
			children = (
				183E9F6328A278F400299720 /* AppDelegate.swift */,
				183E9F6528A278F400299720 /* SceneDelegate.swift */,
			);
			path = App;
			sourceTree = "<group>";
		};
		183E9F7D28A27C4500299720 /* Views */ = {
			isa = PBXGroup;
			children = (
				183E9F6928A278F400299720 /* Main.storyboard */,
				183E9F6E28A278F600299720 /* LaunchScreen.storyboard */,
			);
			path = Views;
			sourceTree = "<group>";
		};
		183E9F7E28A27C6400299720 /* Controllers */ = {
			isa = PBXGroup;
			children = (
				183E9F7728A27C1C00299720 /* ColorViewController.swift */,
				183E9F7928A27C3500299720 /* SettingViewController.swift */,
			);
			path = Controllers;
			sourceTree = "<group>";
		};
		1891BFA128A2A52D00C0D1C8 /* Models */ = {
			isa = PBXGroup;
			children = (
				1891BFA228A2A54000C0D1C8 /* ColorModel.swift */,
			);
			path = Models;
			sourceTree = "<group>";
		};
/* End PBXGroup section */

/* Begin PBXNativeTarget section */
		183E9F5F28A278F400299720 /* ColorControllerApp */ = {
			isa = PBXNativeTarget;
			buildConfigurationList = 183E9F7428A278F600299720 /* Build configuration list for PBXNativeTarget "ColorControllerApp" */;
			buildPhases = (
				183E9F5C28A278F400299720 /* Sources */,
				183E9F5D28A278F400299720 /* Frameworks */,
				183E9F5E28A278F400299720 /* Resources */,
			);
			buildRules = (
			);
			dependencies = (
			);
			name = ColorControllerApp;
			productName = ColorControllerApp;
			productReference = 183E9F6028A278F400299720 /* ColorControllerApp.app */;
			productType = "com.apple.product-type.application";
		};
/* End PBXNativeTarget section */

/* Begin PBXProject section */
		183E9F5828A278F400299720 /* Project object */ = {
			isa = PBXProject;
			attributes = {
				BuildIndependentTargetsInParallel = 1;
				LastSwiftUpdateCheck = 1340;
				LastUpgradeCheck = 1340;
				TargetAttributes = {
					183E9F5F28A278F400299720 = {
						CreatedOnToolsVersion = 13.4.1;
					};
				};
			};
			buildConfigurationList = 183E9F5B28A278F400299720 /* Build configuration list for PBXProject "ColorControllerApp" */;
			compatibilityVersion = "Xcode 13.0";
			developmentRegion = en;
			hasScannedForEncodings = 0;
			knownRegions = (
				en,
				Base,
			);
			mainGroup = 183E9F5728A278F400299720;
			productRefGroup = 183E9F6128A278F400299720 /* Products */;
			projectDirPath = "";
			projectRoot = "";
			targets = (
				183E9F5F28A278F400299720 /* ColorControllerApp */,
			);
		};
/* End PBXProject section */

/* Begin PBXResourcesBuildPhase section */
		183E9F5E28A278F400299720 /* Resources */ = {
			isa = PBXResourcesBuildPhase;
			buildActionMask = 2147483647;
			files = (
				183E9F7028A278F600299720 /* LaunchScreen.storyboard in Resources */,
				183E9F6D28A278F600299720 /* Assets.xcassets in Resources */,
				183E9F6B28A278F400299720 /* Main.storyboard in Resources */,
			);
			runOnlyForDeploymentPostprocessing = 0;
		};
/* End PBXResourcesBuildPhase section */

/* Begin PBXSourcesBuildPhase section */
		183E9F5C28A278F400299720 /* Sources */ = {
			isa = PBXSourcesBuildPhase;
			buildActionMask = 2147483647;
			files = (
				183E9F6428A278F400299720 /* AppDelegate.swift in Sources */,
				183E9F7828A27C1C00299720 /* ColorViewController.swift in Sources */,
				183E9F6628A278F400299720 /* SceneDelegate.swift in Sources */,
				183E9F7A28A27C3500299720 /* SettingViewController.swift in Sources */,
				1891BFA328A2A54000C0D1C8 /* ColorModel.swift in Sources */,
			);
			runOnlyForDeploymentPostprocessing = 0;
		};
/* End PBXSourcesBuildPhase section */

/* Begin PBXVariantGroup section */
		183E9F6928A278F400299720 /* Main.storyboard */ = {
			isa = PBXVariantGroup;
			children = (
				183E9F6A28A278F400299720 /* Base */,
			);
			name = Main.storyboard;
			sourceTree = "<group>";
		};
		183E9F6E28A278F600299720 /* LaunchScreen.storyboard */ = {
			isa = PBXVariantGroup;
			children = (
				183E9F6F28A278F600299720 /* Base */,
			);
			name = LaunchScreen.storyboard;
			sourceTree = "<group>";
		};
/* End PBXVariantGroup section */

/* Begin XCBuildConfiguration section */
		183E9F7228A278F600299720 /* Debug */ = {
			isa = XCBuildConfiguration;
			buildSettings = {
				ALWAYS_SEARCH_USER_PATHS = NO;
				CLANG_ANALYZER_NONNULL = YES;
				CLANG_ANALYZER_NUMBER_OBJECT_CONVERSION = YES_AGGRESSIVE;
				CLANG_CXX_LANGUAGE_STANDARD = "gnu++17";
				CLANG_ENABLE_MODULES = YES;
				CLANG_ENABLE_OBJC_ARC = YES;
				CLANG_ENABLE_OBJC_WEAK = YES;
				CLANG_WARN_BLOCK_CAPTURE_AUTORELEASING = YES;
				CLANG_WARN_BOOL_CONVERSION = YES;
				CLANG_WARN_COMMA = YES;
				CLANG_WARN_CONSTANT_CONVERSION = YES;
				CLANG_WARN_DEPRECATED_OBJC_IMPLEMENTATIONS = YES;
				CLANG_WARN_DIRECT_OBJC_ISA_USAGE = YES_ERROR;
				CLANG_WARN_DOCUMENTATION_COMMENTS = YES;
				CLANG_WARN_EMPTY_BODY = YES;
				CLANG_WARN_ENUM_CONVERSION = YES;
				CLANG_WARN_INFINITE_RECURSION = YES;
				CLANG_WARN_INT_CONVERSION = YES;
				CLANG_WARN_NON_LITERAL_NULL_CONVERSION = YES;
				CLANG_WARN_OBJC_IMPLICIT_RETAIN_SELF = YES;
				CLANG_WARN_OBJC_LITERAL_CONVERSION = YES;
				CLANG_WARN_OBJC_ROOT_CLASS = YES_ERROR;
				CLANG_WARN_QUOTED_INCLUDE_IN_FRAMEWORK_HEADER = YES;
				CLANG_WARN_RANGE_LOOP_ANALYSIS = YES;
				CLANG_WARN_STRICT_PROTOTYPES = YES;
				CLANG_WARN_SUSPICIOUS_MOVE = YES;
				CLANG_WARN_UNGUARDED_AVAILABILITY = YES_AGGRESSIVE;
				CLANG_WARN_UNREACHABLE_CODE = YES;
				CLANG_WARN__DUPLICATE_METHOD_MATCH = YES;
				COPY_PHASE_STRIP = NO;
				DEBUG_INFORMATION_FORMAT = dwarf;
				ENABLE_STRICT_OBJC_MSGSEND = YES;
				ENABLE_TESTABILITY = YES;
				GCC_C_LANGUAGE_STANDARD = gnu11;
				GCC_DYNAMIC_NO_PIC = NO;
				GCC_NO_COMMON_BLOCKS = YES;
				GCC_OPTIMIZATION_LEVEL = 0;
				GCC_PREPROCESSOR_DEFINITIONS = (
					"DEBUG=1",
					"$(inherited)",
				);
				GCC_WARN_64_TO_32_BIT_CONVERSION = YES;
				GCC_WARN_ABOUT_RETURN_TYPE = YES_ERROR;
				GCC_WARN_UNDECLARED_SELECTOR = YES;
				GCC_WARN_UNINITIALIZED_AUTOS = YES_AGGRESSIVE;
				GCC_WARN_UNUSED_FUNCTION = YES;
				GCC_WARN_UNUSED_VARIABLE = YES;
				IPHONEOS_DEPLOYMENT_TARGET = 15.5;
				MTL_ENABLE_DEBUG_INFO = INCLUDE_SOURCE;
				MTL_FAST_MATH = YES;
				ONLY_ACTIVE_ARCH = YES;
				SDKROOT = iphoneos;
				SWIFT_ACTIVE_COMPILATION_CONDITIONS = DEBUG;
				SWIFT_OPTIMIZATION_LEVEL = "-Onone";
			};
			name = Debug;
		};
		183E9F7328A278F600299720 /* Release */ = {
			isa = XCBuildConfiguration;
			buildSettings = {
				ALWAYS_SEARCH_USER_PATHS = NO;
				CLANG_ANALYZER_NONNULL = YES;
				CLANG_ANALYZER_NUMBER_OBJECT_CONVERSION = YES_AGGRESSIVE;
				CLANG_CXX_LANGUAGE_STANDARD = "gnu++17";
				CLANG_ENABLE_MODULES = YES;
				CLANG_ENABLE_OBJC_ARC = YES;
				CLANG_ENABLE_OBJC_WEAK = YES;
				CLANG_WARN_BLOCK_CAPTURE_AUTORELEASING = YES;
				CLANG_WARN_BOOL_CONVERSION = YES;
				CLANG_WARN_COMMA = YES;
				CLANG_WARN_CONSTANT_CONVERSION = YES;
				CLANG_WARN_DEPRECATED_OBJC_IMPLEMENTATIONS = YES;
				CLANG_WARN_DIRECT_OBJC_ISA_USAGE = YES_ERROR;
				CLANG_WARN_DOCUMENTATION_COMMENTS = YES;
				CLANG_WARN_EMPTY_BODY = YES;
				CLANG_WARN_ENUM_CONVERSION = YES;
				CLANG_WARN_INFINITE_RECURSION = YES;
				CLANG_WARN_INT_CONVERSION = YES;
				CLANG_WARN_NON_LITERAL_NULL_CONVERSION = YES;
				CLANG_WARN_OBJC_IMPLICIT_RETAIN_SELF = YES;
				CLANG_WARN_OBJC_LITERAL_CONVERSION = YES;
				CLANG_WARN_OBJC_ROOT_CLASS = YES_ERROR;
				CLANG_WARN_QUOTED_INCLUDE_IN_FRAMEWORK_HEADER = YES;
				CLANG_WARN_RANGE_LOOP_ANALYSIS = YES;
				CLANG_WARN_STRICT_PROTOTYPES = YES;
				CLANG_WARN_SUSPICIOUS_MOVE = YES;
				CLANG_WARN_UNGUARDED_AVAILABILITY = YES_AGGRESSIVE;
				CLANG_WARN_UNREACHABLE_CODE = YES;
				CLANG_WARN__DUPLICATE_METHOD_MATCH = YES;
				COPY_PHASE_STRIP = NO;
				DEBUG_INFORMATION_FORMAT = "dwarf-with-dsym";
				ENABLE_NS_ASSERTIONS = NO;
				ENABLE_STRICT_OBJC_MSGSEND = YES;
				GCC_C_LANGUAGE_STANDARD = gnu11;
				GCC_NO_COMMON_BLOCKS = YES;
				GCC_WARN_64_TO_32_BIT_CONVERSION = YES;
				GCC_WARN_ABOUT_RETURN_TYPE = YES_ERROR;
				GCC_WARN_UNDECLARED_SELECTOR = YES;
				GCC_WARN_UNINITIALIZED_AUTOS = YES_AGGRESSIVE;
				GCC_WARN_UNUSED_FUNCTION = YES;
				GCC_WARN_UNUSED_VARIABLE = YES;
				IPHONEOS_DEPLOYMENT_TARGET = 15.5;
				MTL_ENABLE_DEBUG_INFO = NO;
				MTL_FAST_MATH = YES;
				SDKROOT = iphoneos;
				SWIFT_COMPILATION_MODE = wholemodule;
				SWIFT_OPTIMIZATION_LEVEL = "-O";
				VALIDATE_PRODUCT = YES;
			};
			name = Release;
		};
		183E9F7528A278F600299720 /* Debug */ = {
			isa = XCBuildConfiguration;
			buildSettings = {
				ASSETCATALOG_COMPILER_APPICON_NAME = AppIcon;
				ASSETCATALOG_COMPILER_GLOBAL_ACCENT_COLOR_NAME = AccentColor;
				CODE_SIGN_STYLE = Automatic;
				CURRENT_PROJECT_VERSION = 1;
				DEVELOPMENT_TEAM = H568TQC48W;
				GENERATE_INFOPLIST_FILE = YES;
				INFOPLIST_FILE = ColorControllerApp/Info.plist;
				INFOPLIST_KEY_UIApplicationSupportsIndirectInputEvents = YES;
				INFOPLIST_KEY_UILaunchStoryboardName = LaunchScreen;
				INFOPLIST_KEY_UIMainStoryboardFile = Main;
				INFOPLIST_KEY_UISupportedInterfaceOrientations_iPad = "UIInterfaceOrientationPortrait UIInterfaceOrientationPortraitUpsideDown UIInterfaceOrientationLandscapeLeft UIInterfaceOrientationLandscapeRight";
				INFOPLIST_KEY_UISupportedInterfaceOrientations_iPhone = "UIInterfaceOrientationPortrait UIInterfaceOrientationLandscapeLeft UIInterfaceOrientationLandscapeRight";
				LD_RUNPATH_SEARCH_PATHS = (
					"$(inherited)",
					"@executable_path/Frameworks",
				);
				MARKETING_VERSION = 1.0;
				PRODUCT_BUNDLE_IDENTIFIER = KA.ColorControllerApp;
				PRODUCT_NAME = "$(TARGET_NAME)";
				SWIFT_EMIT_LOC_STRINGS = YES;
				SWIFT_VERSION = 5.0;
				TARGETED_DEVICE_FAMILY = "1,2";
			};
			name = Debug;
		};
		183E9F7628A278F600299720 /* Release */ = {
			isa = XCBuildConfiguration;
			buildSettings = {
				ASSETCATALOG_COMPILER_APPICON_NAME = AppIcon;
				ASSETCATALOG_COMPILER_GLOBAL_ACCENT_COLOR_NAME = AccentColor;
				CODE_SIGN_STYLE = Automatic;
				CURRENT_PROJECT_VERSION = 1;
				DEVELOPMENT_TEAM = H568TQC48W;
				GENERATE_INFOPLIST_FILE = YES;
				INFOPLIST_FILE = ColorControllerApp/Info.plist;
				INFOPLIST_KEY_UIApplicationSupportsIndirectInputEvents = YES;
				INFOPLIST_KEY_UILaunchStoryboardName = LaunchScreen;
				INFOPLIST_KEY_UIMainStoryboardFile = Main;
				INFOPLIST_KEY_UISupportedInterfaceOrientations_iPad = "UIInterfaceOrientationPortrait UIInterfaceOrientationPortraitUpsideDown UIInterfaceOrientationLandscapeLeft UIInterfaceOrientationLandscapeRight";
				INFOPLIST_KEY_UISupportedInterfaceOrientations_iPhone = "UIInterfaceOrientationPortrait UIInterfaceOrientationLandscapeLeft UIInterfaceOrientationLandscapeRight";
				LD_RUNPATH_SEARCH_PATHS = (
					"$(inherited)",
					"@executable_path/Frameworks",
				);
				MARKETING_VERSION = 1.0;
				PRODUCT_BUNDLE_IDENTIFIER = KA.ColorControllerApp;
				PRODUCT_NAME = "$(TARGET_NAME)";
				SWIFT_EMIT_LOC_STRINGS = YES;
				SWIFT_VERSION = 5.0;
				TARGETED_DEVICE_FAMILY = "1,2";
			};
			name = Release;
		};
/* End XCBuildConfiguration section */

/* Begin XCConfigurationList section */
		183E9F5B28A278F400299720 /* Build configuration list for PBXProject "ColorControllerApp" */ = {
			isa = XCConfigurationList;
			buildConfigurations = (
				183E9F7228A278F600299720 /* Debug */,
				183E9F7328A278F600299720 /* Release */,
			);
			defaultConfigurationIsVisible = 0;
			defaultConfigurationName = Release;
		};
		183E9F7428A278F600299720 /* Build configuration list for PBXNativeTarget "ColorControllerApp" */ = {
			isa = XCConfigurationList;
			buildConfigurations = (
				183E9F7528A278F600299720 /* Debug */,
				183E9F7628A278F600299720 /* Release */,
			);
			defaultConfigurationIsVisible = 0;
			defaultConfigurationName = Release;
		};
/* End XCConfigurationList section */
	};
	rootObject = 183E9F5828A278F400299720 /* Project object */;
}
